
Microsoft Visual Studio Solution File, Format Version 12.00
# Visual Studio Version 16
VisualStudioVersion = 16.0.31112.23
MinimumVisualStudioVersion = 10.0.40219.1
Project("{FAE04EC0-301F-11D3-BF4B-00C04F79EFBC}") = "Luig.Website", "Luig.Website.csproj", "{C217FDEB-5032-429A-8FF6-A996FAA84D45}"
EndProject
Global
	GlobalSection(SolutionConfigurationPlatforms) = preSolution
		Debug|Any CPU = Debug|Any CPU
		Release|Any CPU = Release|Any CPU
	EndGlobalSection
	GlobalSection(ProjectConfigurationPlatforms) = postSolution
		{C217FDEB-5032-429A-8FF6-A996FAA84D45}.Debug|Any CPU.ActiveCfg = Debug|Any CPU
		{C217FDEB-5032-429A-8FF6-A996FAA84D45}.Debug|Any CPU.Build.0 = Debug|Any CPU
		{C217FDEB-5032-429A-8FF6-A996FAA84D45}.Release|Any CPU.ActiveCfg = Release|Any CPU
		{C217FDEB-5032-429A-8FF6-A996FAA84D45}.Release|Any CPU.Build.0 = Release|Any CPU
	EndGlobalSection
	GlobalSection(SolutionProperties) = preSolution
		HideSolutionNode = FALSE
	EndGlobalSection
	GlobalSection(ExtensibilityGlobals) = postSolution
		SolutionGuid = {2C58F2AF-A3B8-4818-AD29-B79A0006959A}
	EndGlobalSection
EndGlobal
